
Microsoft Visual Studio Solution File, Format Version 12.00
# Visual Studio Version 17
VisualStudioVersion = 17.4.33213.308
MinimumVisualStudioVersion = 10.0.40219.1
Project("{8BC9CEB8-8B4A-11D0-8D11-00A0C91BC942}") = "stabilisation", "stabilisation\stabilisation.vcxproj", "{39F8D64A-DA50-43FC-90B2-B1F48A68CA8D}"
EndProject
Global
	GlobalSection(SolutionConfigurationPlatforms) = preSolution
		Debug|x64 = Debug|x64
		Debug|x86 = Debug|x86
		Release|x64 = Release|x64
		Release|x86 = Release|x86
	EndGlobalSection
	GlobalSection(ProjectConfigurationPlatforms) = postSolution
		{39F8D64A-DA50-43FC-90B2-B1F48A68CA8D}.Debug|x64.ActiveCfg = Debug|x64
		{39F8D64A-DA50-43FC-90B2-B1F48A68CA8D}.Debug|x64.Build.0 = Debug|x64
		{39F8D64A-DA50-43FC-90B2-B1F48A68CA8D}.Debug|x86.ActiveCfg = Debug|Win32
		{39F8D64A-DA50-43FC-90B2-B1F48A68CA8D}.Debug|x86.Build.0 = Debug|Win32
		{39F8D64A-DA50-43FC-90B2-B1F48A68CA8D}.Release|x64.ActiveCfg = Release|x64
		{39F8D64A-DA50-43FC-90B2-B1F48A68CA8D}.Release|x64.Build.0 = Release|x64
		{39F8D64A-DA50-43FC-90B2-B1F48A68CA8D}.Release|x86.ActiveCfg = Release|Win32
		{39F8D64A-DA50-43FC-90B2-B1F48A68CA8D}.Release|x86.Build.0 = Release|Win32
	EndGlobalSection
	GlobalSection(SolutionProperties) = preSolution
		HideSolutionNode = FALSE
	EndGlobalSection
	GlobalSection(ExtensibilityGlobals) = postSolution
		SolutionGuid = {4A6232FE-2FA1-441F-89EC-41C387E2DE6B}
	EndGlobalSection
EndGlobal
